// !$*UTF8*$!
{
	archiveVersion = 1;
	classes = {
	};
	objectVersion = 51;
	objects = {

/* Begin PBXBuildFile section */
		36072BEC2486C7830013FC17 /* AddRecipeVC.swift in Sources */ = {isa = PBXBuildFile; fileRef = 36072BEB2486C7830013FC17 /* AddRecipeVC.swift */; };
		360D6B45247825CC00C36752 /* RecipeVC.swift in Sources */ = {isa = PBXBuildFile; fileRef = 360D6B44247825CC00C36752 /* RecipeVC.swift */; };
		360D6B472478289D00C36752 /* RecipeCell.swift in Sources */ = {isa = PBXBuildFile; fileRef = 360D6B462478289D00C36752 /* RecipeCell.swift */; };
		360D6B4A24782F3400C36752 /* RecipeDetailVC.swift in Sources */ = {isa = PBXBuildFile; fileRef = 360D6B4924782F3400C36752 /* RecipeDetailVC.swift */; };
		360E4E7C2476D49800A746CC /* FoodCategory.swift in Sources */ = {isa = PBXBuildFile; fileRef = 360E4E7B2476D49800A746CC /* FoodCategory.swift */; };
		360E4E7E2476D51400A746CC /* Recipe.swift in Sources */ = {isa = PBXBuildFile; fileRef = 360E4E7D2476D51400A746CC /* Recipe.swift */; };
		360E4E802476D6EA00A746CC /* DataSet.swift in Sources */ = {isa = PBXBuildFile; fileRef = 360E4E7F2476D6EA00A746CC /* DataSet.swift */; };
		360E4E822477D1C700A746CC /* CategoryCell.swift in Sources */ = {isa = PBXBuildFile; fileRef = 360E4E812477D1C700A746CC /* CategoryCell.swift */; };
		3614DEE2249BDC2800B377EA /* StaticRecipeVC.swift in Sources */ = {isa = PBXBuildFile; fileRef = 3614DEE1249BDC2800B377EA /* StaticRecipeVC.swift */; };
		361B8B032483C60900ED16A2 /* Notifications.swift in Sources */ = {isa = PBXBuildFile; fileRef = 361B8B022483C60900ED16A2 /* Notifications.swift */; };
		361F6EFF2493C749006DA29E /* Constants.swift in Sources */ = {isa = PBXBuildFile; fileRef = 361F6EFE2493C749006DA29E /* Constants.swift */; };
		3626F784249A6ECB00365252 /* RecipeTableViewCell.swift in Sources */ = {isa = PBXBuildFile; fileRef = 3626F783249A6ECB00365252 /* RecipeTableViewCell.swift */; };
		3637846C2476C70F0089CE5F /* CategoryVC.swift in Sources */ = {isa = PBXBuildFile; fileRef = 3637846B2476C70F0089CE5F /* CategoryVC.swift */; };
		3637846E2476C9420089CE5F /* ShadowView.swift in Sources */ = {isa = PBXBuildFile; fileRef = 3637846D2476C9420089CE5F /* ShadowView.swift */; };
		36457244249500D5002711E7 /* CategoryCollectionCell.swift in Sources */ = {isa = PBXBuildFile; fileRef = 36457243249500D5002711E7 /* CategoryCollectionCell.swift */; };
		365611D8249CBAE5007867AA /* StaticRecipeDetailVC.swift in Sources */ = {isa = PBXBuildFile; fileRef = 365611D7249CBAE5007867AA /* StaticRecipeDetailVC.swift */; };
		365611DA249CC6D7007867AA /* Firebase+Utils.swift in Sources */ = {isa = PBXBuildFile; fileRef = 365611D9249CC6D7007867AA /* Firebase+Utils.swift */; };
		365611DC249CD77D007867AA /* Extensions.swift in Sources */ = {isa = PBXBuildFile; fileRef = 365611DB249CD77D007867AA /* Extensions.swift */; };
		365611E0249D0339007867AA /* ForgotPasswordVC.swift in Sources */ = {isa = PBXBuildFile; fileRef = 365611DE249D0339007867AA /* ForgotPasswordVC.swift */; };
		365611E1249D0339007867AA /* ForgotPasswordVC.xib in Resources */ = {isa = PBXBuildFile; fileRef = 365611DF249D0339007867AA /* ForgotPasswordVC.xib */; };
		36591C8724EA7CC2007D46AA /* EditRecipeVC.swift in Sources */ = {isa = PBXBuildFile; fileRef = 36591C8624EA7CC2007D46AA /* EditRecipeVC.swift */; };
		366B66272474561000A64780 /* RegisterVC.swift in Sources */ = {isa = PBXBuildFile; fileRef = 366B66262474561000A64780 /* RegisterVC.swift */; };
		366B66292474563A00A64780 /* LogInVC.swift in Sources */ = {isa = PBXBuildFile; fileRef = 366B66282474563A00A64780 /* LogInVC.swift */; };
		366B662D247457C300A64780 /* CustomButton.swift in Sources */ = {isa = PBXBuildFile; fileRef = 366B662C247457C300A64780 /* CustomButton.swift */; };
		366B662F247458E500A64780 /* CustomColor.swift in Sources */ = {isa = PBXBuildFile; fileRef = 366B662E247458E500A64780 /* CustomColor.swift */; };
		366F1B9824D02E0700BBFC97 /* UserService.swift in Sources */ = {isa = PBXBuildFile; fileRef = 366F1B9724D02E0700BBFC97 /* UserService.swift */; };
		367CFD0024744B740012F85F /* AppDelegate.swift in Sources */ = {isa = PBXBuildFile; fileRef = 367CFCFF24744B740012F85F /* AppDelegate.swift */; };
		367CFD0224744B740012F85F /* SceneDelegate.swift in Sources */ = {isa = PBXBuildFile; fileRef = 367CFD0124744B740012F85F /* SceneDelegate.swift */; };
		367CFD0424744B740012F85F /* HomeVC.swift in Sources */ = {isa = PBXBuildFile; fileRef = 367CFD0324744B740012F85F /* HomeVC.swift */; };
		367CFD0724744B740012F85F /* Main.storyboard in Resources */ = {isa = PBXBuildFile; fileRef = 367CFD0524744B740012F85F /* Main.storyboard */; };
		367CFD0924744B760012F85F /* Assets.xcassets in Resources */ = {isa = PBXBuildFile; fileRef = 367CFD0824744B760012F85F /* Assets.xcassets */; };
		367CFD0C24744B760012F85F /* LaunchScreen.storyboard in Resources */ = {isa = PBXBuildFile; fileRef = 367CFD0A24744B760012F85F /* LaunchScreen.storyboard */; };
		367CFD1724744C860012F85F /* GoogleService-Info.plist in Resources */ = {isa = PBXBuildFile; fileRef = 367CFD1624744C860012F85F /* GoogleService-Info.plist */; };
		368A2446247EBFE800D65666 /* NewCategoryVC.swift in Sources */ = {isa = PBXBuildFile; fileRef = 368A2445247EBFE800D65666 /* NewCategoryVC.swift */; };
		36CB13E924F5638E008E158B /* FavoriteCollectionVC.swift in Sources */ = {isa = PBXBuildFile; fileRef = 36CB13E824F5638E008E158B /* FavoriteCollectionVC.swift */; };
		36CB13ED24F56413008E158B /* FavoriteCell.swift in Sources */ = {isa = PBXBuildFile; fileRef = 36CB13EC24F56413008E158B /* FavoriteCell.swift */; };
		36D9332E2499391B0082C420 /* StaticFoodCategory.swift in Sources */ = {isa = PBXBuildFile; fileRef = 36D9332D2499391B0082C420 /* StaticFoodCategory.swift */; };
		36D93330249939CC0082C420 /* StaticRecipe.swift in Sources */ = {isa = PBXBuildFile; fileRef = 36D9332F249939CC0082C420 /* StaticRecipe.swift */; };
		36EA055C24C9E45A00963484 /* SearchBarTableViewController.swift in Sources */ = {isa = PBXBuildFile; fileRef = 36EA055B24C9E45A00963484 /* SearchBarTableViewController.swift */; };
		36EA056024CAFF1C00963484 /* SearchBarCell.swift in Sources */ = {isa = PBXBuildFile; fileRef = 36EA055F24CAFF1C00963484 /* SearchBarCell.swift */; };
		36FA9F3F24759AE9008DA038 /* CustomTextField.swift in Sources */ = {isa = PBXBuildFile; fileRef = 36FA9F3E24759AE9008DA038 /* CustomTextField.swift */; };
		36FCEBAE24F3C7E3002069C3 /* CustomSwitch.swift in Sources */ = {isa = PBXBuildFile; fileRef = 36FCEBAD24F3C7E3002069C3 /* CustomSwitch.swift */; };
		F5B2E9EB00B7CF0BD7BB4C55 /* Pods_Recipe.framework in Frameworks */ = {isa = PBXBuildFile; fileRef = 8B55B4720D270EE0F5B31EB5 /* Pods_Recipe.framework */; };
/* End PBXBuildFile section */

/* Begin PBXFileReference section */
		36072BEB2486C7830013FC17 /* AddRecipeVC.swift */ = {isa = PBXFileReference; lastKnownFileType = sourcecode.swift; path = AddRecipeVC.swift; sourceTree = "<group>"; };
		360D6B44247825CC00C36752 /* RecipeVC.swift */ = {isa = PBXFileReference; lastKnownFileType = sourcecode.swift; path = RecipeVC.swift; sourceTree = "<group>"; };
		360D6B462478289D00C36752 /* RecipeCell.swift */ = {isa = PBXFileReference; lastKnownFileType = sourcecode.swift; path = RecipeCell.swift; sourceTree = "<group>"; };
		360D6B4924782F3400C36752 /* RecipeDetailVC.swift */ = {isa = PBXFileReference; lastKnownFileType = sourcecode.swift; path = RecipeDetailVC.swift; sourceTree = "<group>"; };
		360E4E7B2476D49800A746CC /* FoodCategory.swift */ = {isa = PBXFileReference; lastKnownFileType = sourcecode.swift; path = FoodCategory.swift; sourceTree = "<group>"; };
		360E4E7D2476D51400A746CC /* Recipe.swift */ = {isa = PBXFileReference; lastKnownFileType = sourcecode.swift; path = Recipe.swift; sourceTree = "<group>"; };
		360E4E7F2476D6EA00A746CC /* DataSet.swift */ = {isa = PBXFileReference; lastKnownFileType = sourcecode.swift; path = DataSet.swift; sourceTree = "<group>"; };
		360E4E812477D1C700A746CC /* CategoryCell.swift */ = {isa = PBXFileReference; lastKnownFileType = sourcecode.swift; path = CategoryCell.swift; sourceTree = "<group>"; };
		3614DEE1249BDC2800B377EA /* StaticRecipeVC.swift */ = {isa = PBXFileReference; lastKnownFileType = sourcecode.swift; path = StaticRecipeVC.swift; sourceTree = "<group>"; };
		361B8B022483C60900ED16A2 /* Notifications.swift */ = {isa = PBXFileReference; lastKnownFileType = sourcecode.swift; path = Notifications.swift; sourceTree = "<group>"; };
		361F6EFE2493C749006DA29E /* Constants.swift */ = {isa = PBXFileReference; lastKnownFileType = sourcecode.swift; path = Constants.swift; sourceTree = "<group>"; };
		3626F783249A6ECB00365252 /* RecipeTableViewCell.swift */ = {isa = PBXFileReference; lastKnownFileType = sourcecode.swift; path = RecipeTableViewCell.swift; sourceTree = "<group>"; };
		3637846B2476C70F0089CE5F /* CategoryVC.swift */ = {isa = PBXFileReference; lastKnownFileType = sourcecode.swift; path = CategoryVC.swift; sourceTree = "<group>"; };
		3637846D2476C9420089CE5F /* ShadowView.swift */ = {isa = PBXFileReference; lastKnownFileType = sourcecode.swift; path = ShadowView.swift; sourceTree = "<group>"; };
		36457243249500D5002711E7 /* CategoryCollectionCell.swift */ = {isa = PBXFileReference; lastKnownFileType = sourcecode.swift; path = CategoryCollectionCell.swift; sourceTree = "<group>"; };
		365611D7249CBAE5007867AA /* StaticRecipeDetailVC.swift */ = {isa = PBXFileReference; lastKnownFileType = sourcecode.swift; path = StaticRecipeDetailVC.swift; sourceTree = "<group>"; };
		365611D9249CC6D7007867AA /* Firebase+Utils.swift */ = {isa = PBXFileReference; lastKnownFileType = sourcecode.swift; path = "Firebase+Utils.swift"; sourceTree = "<group>"; };
		365611DB249CD77D007867AA /* Extensions.swift */ = {isa = PBXFileReference; lastKnownFileType = sourcecode.swift; path = Extensions.swift; sourceTree = "<group>"; };
		365611DE249D0339007867AA /* ForgotPasswordVC.swift */ = {isa = PBXFileReference; lastKnownFileType = sourcecode.swift; path = ForgotPasswordVC.swift; sourceTree = "<group>"; };
		365611DF249D0339007867AA /* ForgotPasswordVC.xib */ = {isa = PBXFileReference; lastKnownFileType = file.xib; path = ForgotPasswordVC.xib; sourceTree = "<group>"; };
		36591C8624EA7CC2007D46AA /* EditRecipeVC.swift */ = {isa = PBXFileReference; lastKnownFileType = sourcecode.swift; path = EditRecipeVC.swift; sourceTree = "<group>"; };
		366B66262474561000A64780 /* RegisterVC.swift */ = {isa = PBXFileReference; lastKnownFileType = sourcecode.swift; path = RegisterVC.swift; sourceTree = "<group>"; };
		366B66282474563A00A64780 /* LogInVC.swift */ = {isa = PBXFileReference; lastKnownFileType = sourcecode.swift; path = LogInVC.swift; sourceTree = "<group>"; };
		366B662C247457C300A64780 /* CustomButton.swift */ = {isa = PBXFileReference; lastKnownFileType = sourcecode.swift; path = CustomButton.swift; sourceTree = "<group>"; };
		366B662E247458E500A64780 /* CustomColor.swift */ = {isa = PBXFileReference; lastKnownFileType = sourcecode.swift; path = CustomColor.swift; sourceTree = "<group>"; };
		366F1B9724D02E0700BBFC97 /* UserService.swift */ = {isa = PBXFileReference; lastKnownFileType = sourcecode.swift; path = UserService.swift; sourceTree = "<group>"; };
		367CFCFC24744B740012F85F /* Recipe.app */ = {isa = PBXFileReference; explicitFileType = wrapper.application; includeInIndex = 0; path = Recipe.app; sourceTree = BUILT_PRODUCTS_DIR; };
		367CFCFF24744B740012F85F /* AppDelegate.swift */ = {isa = PBXFileReference; lastKnownFileType = sourcecode.swift; path = AppDelegate.swift; sourceTree = "<group>"; };
		367CFD0124744B740012F85F /* SceneDelegate.swift */ = {isa = PBXFileReference; lastKnownFileType = sourcecode.swift; path = SceneDelegate.swift; sourceTree = "<group>"; };
		367CFD0324744B740012F85F /* HomeVC.swift */ = {isa = PBXFileReference; lastKnownFileType = sourcecode.swift; path = HomeVC.swift; sourceTree = "<group>"; };
		367CFD0624744B740012F85F /* Base */ = {isa = PBXFileReference; lastKnownFileType = file.storyboard; name = Base; path = Base.lproj/Main.storyboard; sourceTree = "<group>"; };
		367CFD0824744B760012F85F /* Assets.xcassets */ = {isa = PBXFileReference; lastKnownFileType = folder.assetcatalog; path = Assets.xcassets; sourceTree = "<group>"; };
		367CFD0B24744B760012F85F /* Base */ = {isa = PBXFileReference; lastKnownFileType = file.storyboard; name = Base; path = Base.lproj/LaunchScreen.storyboard; sourceTree = "<group>"; };
		367CFD0D24744B760012F85F /* Info.plist */ = {isa = PBXFileReference; lastKnownFileType = text.plist.xml; path = Info.plist; sourceTree = "<group>"; };
		367CFD1624744C860012F85F /* GoogleService-Info.plist */ = {isa = PBXFileReference; fileEncoding = 4; lastKnownFileType = text.plist.xml; path = "GoogleService-Info.plist"; sourceTree = "<group>"; };
		368A2445247EBFE800D65666 /* NewCategoryVC.swift */ = {isa = PBXFileReference; lastKnownFileType = sourcecode.swift; path = NewCategoryVC.swift; sourceTree = "<group>"; };
		36CB13E824F5638E008E158B /* FavoriteCollectionVC.swift */ = {isa = PBXFileReference; lastKnownFileType = sourcecode.swift; path = FavoriteCollectionVC.swift; sourceTree = "<group>"; };
		36CB13EC24F56413008E158B /* FavoriteCell.swift */ = {isa = PBXFileReference; lastKnownFileType = sourcecode.swift; path = FavoriteCell.swift; sourceTree = "<group>"; };
		36D9332D2499391B0082C420 /* StaticFoodCategory.swift */ = {isa = PBXFileReference; lastKnownFileType = sourcecode.swift; path = StaticFoodCategory.swift; sourceTree = "<group>"; };
		36D9332F249939CC0082C420 /* StaticRecipe.swift */ = {isa = PBXFileReference; lastKnownFileType = sourcecode.swift; path = StaticRecipe.swift; sourceTree = "<group>"; };
		36EA055B24C9E45A00963484 /* SearchBarTableViewController.swift */ = {isa = PBXFileReference; lastKnownFileType = sourcecode.swift; path = SearchBarTableViewController.swift; sourceTree = "<group>"; };
		36EA055F24CAFF1C00963484 /* SearchBarCell.swift */ = {isa = PBXFileReference; lastKnownFileType = sourcecode.swift; path = SearchBarCell.swift; sourceTree = "<group>"; };
		36FA9F3E24759AE9008DA038 /* CustomTextField.swift */ = {isa = PBXFileReference; lastKnownFileType = sourcecode.swift; path = CustomTextField.swift; sourceTree = "<group>"; };
		36FCEBAD24F3C7E3002069C3 /* CustomSwitch.swift */ = {isa = PBXFileReference; lastKnownFileType = sourcecode.swift; path = CustomSwitch.swift; sourceTree = "<group>"; };
		3E50E0C69C678CE30BF29924 /* Pods-Recipe.release.xcconfig */ = {isa = PBXFileReference; includeInIndex = 1; lastKnownFileType = text.xcconfig; name = "Pods-Recipe.release.xcconfig"; path = "Pods/Target Support Files/Pods-Recipe/Pods-Recipe.release.xcconfig"; sourceTree = "<group>"; };
		8B55B4720D270EE0F5B31EB5 /* Pods_Recipe.framework */ = {isa = PBXFileReference; explicitFileType = wrapper.framework; includeInIndex = 0; path = Pods_Recipe.framework; sourceTree = BUILT_PRODUCTS_DIR; };
		9EF95CCA6516FD2FDF50A44B /* Pods-Recipe.debug.xcconfig */ = {isa = PBXFileReference; includeInIndex = 1; lastKnownFileType = text.xcconfig; name = "Pods-Recipe.debug.xcconfig"; path = "Pods/Target Support Files/Pods-Recipe/Pods-Recipe.debug.xcconfig"; sourceTree = "<group>"; };
/* End PBXFileReference section */

/* Begin PBXFrameworksBuildPhase section */
		367CFCF924744B740012F85F /* Frameworks */ = {
			isa = PBXFrameworksBuildPhase;
			buildActionMask = 2147483647;
			files = (
				F5B2E9EB00B7CF0BD7BB4C55 /* Pods_Recipe.framework in Frameworks */,
			);
			runOnlyForDeploymentPostprocessing = 0;
		};
/* End PBXFrameworksBuildPhase section */

/* Begin PBXGroup section */
		360D6B43247825A300C36752 /* Recipe */ = {
			isa = PBXGroup;
			children = (
				3614DEE0249BDBE800B377EA /* Static Recipes */,
				360D6B44247825CC00C36752 /* RecipeVC.swift */,
				360D6B462478289D00C36752 /* RecipeCell.swift */,
				36072BEB2486C7830013FC17 /* AddRecipeVC.swift */,
			);
			path = Recipe;
			sourceTree = "<group>";
		};
		360D6B4824782EE700C36752 /* RecipeDetail */ = {
			isa = PBXGroup;
			children = (
				360D6B4924782F3400C36752 /* RecipeDetailVC.swift */,
			);
			path = RecipeDetail;
			sourceTree = "<group>";
		};
		3614DEE0249BDBE800B377EA /* Static Recipes */ = {
			isa = PBXGroup;
			children = (
				3614DEE1249BDC2800B377EA /* StaticRecipeVC.swift */,
				3626F783249A6ECB00365252 /* RecipeTableViewCell.swift */,
				365611D7249CBAE5007867AA /* StaticRecipeDetailVC.swift */,
			);
			path = "Static Recipes";
			sourceTree = "<group>";
		};
		361F6EFD2493C72F006DA29E /* Utilities */ = {
			isa = PBXGroup;
			children = (
				361F6EFE2493C749006DA29E /* Constants.swift */,
				365611D9249CC6D7007867AA /* Firebase+Utils.swift */,
				365611DB249CD77D007867AA /* Extensions.swift */,
			);
			path = Utilities;
			sourceTree = "<group>";
		};
		3637846A2476C6DF0089CE5F /* Category */ = {
			isa = PBXGroup;
			children = (
				3637846B2476C70F0089CE5F /* CategoryVC.swift */,
				360E4E812477D1C700A746CC /* CategoryCell.swift */,
				368A2445247EBFE800D65666 /* NewCategoryVC.swift */,
				36457243249500D5002711E7 /* CategoryCollectionCell.swift */,
			);
			path = Category;
			sourceTree = "<group>";
		};
		365611DD249D02EA007867AA /* Xibs */ = {
			isa = PBXGroup;
			children = (
				365611DE249D0339007867AA /* ForgotPasswordVC.swift */,
				365611DF249D0339007867AA /* ForgotPasswordVC.xib */,
			);
			path = Xibs;
			sourceTree = "<group>";
		};
		366B662A2474564300A64780 /* Main */ = {
			isa = PBXGroup;
			children = (
				367CFD0324744B740012F85F /* HomeVC.swift */,
				366B66262474561000A64780 /* RegisterVC.swift */,
				366B66282474563A00A64780 /* LogInVC.swift */,
			);
			path = Main;
			sourceTree = "<group>";
		};
		366B662B247457AA00A64780 /* Customs */ = {
			isa = PBXGroup;
			children = (
				366B662C247457C300A64780 /* CustomButton.swift */,
				366B662E247458E500A64780 /* CustomColor.swift */,
				36FA9F3E24759AE9008DA038 /* CustomTextField.swift */,
				3637846D2476C9420089CE5F /* ShadowView.swift */,
				36FCEBAD24F3C7E3002069C3 /* CustomSwitch.swift */,
			);
			path = Customs;
			sourceTree = "<group>";
		};
		366F1B9624D02DF400BBFC97 /* Services */ = {
			isa = PBXGroup;
			children = (
				366F1B9724D02E0700BBFC97 /* UserService.swift */,
			);
			path = Services;
			sourceTree = "<group>";
		};
		367CFCF324744B740012F85F = {
			isa = PBXGroup;
			children = (
				367CFCFE24744B740012F85F /* Recipe */,
				367CFCFD24744B740012F85F /* Products */,
				D5F496A93B81A0A2EAF034FE /* Pods */,
				C5DAB25F7DFBD9E9A77081C8 /* Frameworks */,
			);
			sourceTree = "<group>";
		};
		367CFCFD24744B740012F85F /* Products */ = {
			isa = PBXGroup;
			children = (
				367CFCFC24744B740012F85F /* Recipe.app */,
			);
			name = Products;
			sourceTree = "<group>";
		};
		367CFCFE24744B740012F85F /* Recipe */ = {
			isa = PBXGroup;
			children = (
				36EA055A24C9E42F00963484 /* Search Bar */,
				367CFD1524744B960012F85F /* Model */,
				367CFD1424744B910012F85F /* View */,
				367CFD1324744B880012F85F /* Controller */,
				36EF301D24EA7B8100F57207 /* Edit Recipe */,
				36CB13E724F56377008E158B /* Favorite */,
				366B662B247457AA00A64780 /* Customs */,
				361F6EFD2493C72F006DA29E /* Utilities */,
				365611DD249D02EA007867AA /* Xibs */,
				367CFCFF24744B740012F85F /* AppDelegate.swift */,
				367CFD0124744B740012F85F /* SceneDelegate.swift */,
				367CFD0824744B760012F85F /* Assets.xcassets */,
				367CFD1624744C860012F85F /* GoogleService-Info.plist */,
				367CFD0D24744B760012F85F /* Info.plist */,
			);
			path = Recipe;
			sourceTree = "<group>";
		};
		367CFD1324744B880012F85F /* Controller */ = {
			isa = PBXGroup;
			children = (
				366F1B9624D02DF400BBFC97 /* Services */,
				366B662A2474564300A64780 /* Main */,
				3637846A2476C6DF0089CE5F /* Category */,
				360D6B43247825A300C36752 /* Recipe */,
				360D6B4824782EE700C36752 /* RecipeDetail */,
			);
			path = Controller;
			sourceTree = "<group>";
		};
		367CFD1424744B910012F85F /* View */ = {
			isa = PBXGroup;
			children = (
				367CFD0A24744B760012F85F /* LaunchScreen.storyboard */,
				367CFD0524744B740012F85F /* Main.storyboard */,
			);
			path = View;
			sourceTree = "<group>";
		};
		367CFD1524744B960012F85F /* Model */ = {
			isa = PBXGroup;
			children = (
				36D9332724990E050082C420 /* Static Data */,
				360E4E7B2476D49800A746CC /* FoodCategory.swift */,
				360E4E7D2476D51400A746CC /* Recipe.swift */,
				361B8B022483C60900ED16A2 /* Notifications.swift */,
			);
			path = Model;
			sourceTree = "<group>";
		};
		36CB13E724F56377008E158B /* Favorite */ = {
			isa = PBXGroup;
			children = (
				36CB13E824F5638E008E158B /* FavoriteCollectionVC.swift */,
				36CB13EC24F56413008E158B /* FavoriteCell.swift */,
			);
			path = Favorite;
			sourceTree = "<group>";
		};
		36D9332724990E050082C420 /* Static Data */ = {
			isa = PBXGroup;
			children = (
				360E4E7F2476D6EA00A746CC /* DataSet.swift */,
				36D9332D2499391B0082C420 /* StaticFoodCategory.swift */,
				36D9332F249939CC0082C420 /* StaticRecipe.swift */,
			);
			path = "Static Data";
			sourceTree = "<group>";
		};
		36EA055A24C9E42F00963484 /* Search Bar */ = {
			isa = PBXGroup;
			children = (
				36EA055B24C9E45A00963484 /* SearchBarTableViewController.swift */,
				36EA055F24CAFF1C00963484 /* SearchBarCell.swift */,
			);
			path = "Search Bar";
			sourceTree = "<group>";
		};
		36EF301D24EA7B8100F57207 /* Edit Recipe */ = {
			isa = PBXGroup;
			children = (
				36591C8624EA7CC2007D46AA /* EditRecipeVC.swift */,
			);
			path = "Edit Recipe";
			sourceTree = "<group>";
		};
		C5DAB25F7DFBD9E9A77081C8 /* Frameworks */ = {
			isa = PBXGroup;
			children = (
				8B55B4720D270EE0F5B31EB5 /* Pods_Recipe.framework */,
			);
			name = Frameworks;
			sourceTree = "<group>";
		};
		D5F496A93B81A0A2EAF034FE /* Pods */ = {
			isa = PBXGroup;
			children = (
				9EF95CCA6516FD2FDF50A44B /* Pods-Recipe.debug.xcconfig */,
				3E50E0C69C678CE30BF29924 /* Pods-Recipe.release.xcconfig */,
			);
			name = Pods;
			sourceTree = "<group>";
		};
/* End PBXGroup section */

/* Begin PBXNativeTarget section */
		367CFCFB24744B740012F85F /* Recipe */ = {
			isa = PBXNativeTarget;
			buildConfigurationList = 367CFD1024744B760012F85F /* Build configuration list for PBXNativeTarget "Recipe" */;
			buildPhases = (
				DA01CB94DC9E695AAB0BEFCA /* [CP] Check Pods Manifest.lock */,
				367CFCF824744B740012F85F /* Sources */,
				367CFCF924744B740012F85F /* Frameworks */,
				367CFCFA24744B740012F85F /* Resources */,
				B433245A1BC4D78DE1733782 /* [CP] Embed Pods Frameworks */,
			);
			buildRules = (
			);
			dependencies = (
			);
			name = Recipe;
			productName = Recipe;
			productReference = 367CFCFC24744B740012F85F /* Recipe.app */;
			productType = "com.apple.product-type.application";
		};
/* End PBXNativeTarget section */

/* Begin PBXProject section */
		367CFCF424744B740012F85F /* Project object */ = {
			isa = PBXProject;
			attributes = {
				LastSwiftUpdateCheck = 1140;
				LastUpgradeCheck = 1140;
				ORGANIZATIONNAME = "Cristian Sedano Arenas";
				TargetAttributes = {
					367CFCFB24744B740012F85F = {
						CreatedOnToolsVersion = 11.4.1;
					};
				};
			};
			buildConfigurationList = 367CFCF724744B740012F85F /* Build configuration list for PBXProject "Recipe" */;
			compatibilityVersion = "Xcode 9.3";
			developmentRegion = en;
			hasScannedForEncodings = 0;
			knownRegions = (
				en,
				Base,
			);
			mainGroup = 367CFCF324744B740012F85F;
			productRefGroup = 367CFCFD24744B740012F85F /* Products */;
			projectDirPath = "";
			projectRoot = "";
			targets = (
				367CFCFB24744B740012F85F /* Recipe */,
			);
		};
/* End PBXProject section */

/* Begin PBXResourcesBuildPhase section */
		367CFCFA24744B740012F85F /* Resources */ = {
			isa = PBXResourcesBuildPhase;
			buildActionMask = 2147483647;
			files = (
				367CFD0C24744B760012F85F /* LaunchScreen.storyboard in Resources */,
				367CFD1724744C860012F85F /* GoogleService-Info.plist in Resources */,
				365611E1249D0339007867AA /* ForgotPasswordVC.xib in Resources */,
				367CFD0924744B760012F85F /* Assets.xcassets in Resources */,
				367CFD0724744B740012F85F /* Main.storyboard in Resources */,
			);
			runOnlyForDeploymentPostprocessing = 0;
		};
/* End PBXResourcesBuildPhase section */

/* Begin PBXShellScriptBuildPhase section */
		B433245A1BC4D78DE1733782 /* [CP] Embed Pods Frameworks */ = {
			isa = PBXShellScriptBuildPhase;
			buildActionMask = 2147483647;
			files = (
			);
			inputFileListPaths = (
				"${PODS_ROOT}/Target Support Files/Pods-Recipe/Pods-Recipe-frameworks-${CONFIGURATION}-input-files.xcfilelist",
			);
			name = "[CP] Embed Pods Frameworks";
			outputFileListPaths = (
				"${PODS_ROOT}/Target Support Files/Pods-Recipe/Pods-Recipe-frameworks-${CONFIGURATION}-output-files.xcfilelist",
			);
			runOnlyForDeploymentPostprocessing = 0;
			shellPath = /bin/sh;
			shellScript = "\"${PODS_ROOT}/Target Support Files/Pods-Recipe/Pods-Recipe-frameworks.sh\"\n";
			showEnvVarsInLog = 0;
		};
		DA01CB94DC9E695AAB0BEFCA /* [CP] Check Pods Manifest.lock */ = {
			isa = PBXShellScriptBuildPhase;
			buildActionMask = 2147483647;
			files = (
			);
			inputPaths = (
				"${PODS_PODFILE_DIR_PATH}/Podfile.lock",
				"${PODS_ROOT}/Manifest.lock",
			);
			name = "[CP] Check Pods Manifest.lock";
			outputPaths = (
				"$(DERIVED_FILE_DIR)/Pods-Recipe-checkManifestLockResult.txt",
			);
			runOnlyForDeploymentPostprocessing = 0;
			shellPath = /bin/sh;
			shellScript = "diff \"${PODS_PODFILE_DIR_PATH}/Podfile.lock\" \"${PODS_ROOT}/Manifest.lock\" > /dev/null\nif [ $? != 0 ] ; then\n    # print error to STDERR\n    echo \"error: The sandbox is not in sync with the Podfile.lock. Run 'pod install' or update your CocoaPods installation.\" >&2\n    exit 1\nfi\n# This output is used by Xcode 'outputs' to avoid re-running this script phase.\necho \"SUCCESS\" > \"${SCRIPT_OUTPUT_FILE_0}\"\n";
			showEnvVarsInLog = 0;
		};
/* End PBXShellScriptBuildPhase section */

/* Begin PBXSourcesBuildPhase section */
		367CFCF824744B740012F85F /* Sources */ = {
			isa = PBXSourcesBuildPhase;
			buildActionMask = 2147483647;
			files = (
				36CB13E924F5638E008E158B /* FavoriteCollectionVC.swift in Sources */,
				367CFD0424744B740012F85F /* HomeVC.swift in Sources */,
				36D9332E2499391B0082C420 /* StaticFoodCategory.swift in Sources */,
				361F6EFF2493C749006DA29E /* Constants.swift in Sources */,
				361B8B032483C60900ED16A2 /* Notifications.swift in Sources */,
				366B662F247458E500A64780 /* CustomColor.swift in Sources */,
				365611D8249CBAE5007867AA /* StaticRecipeDetailVC.swift in Sources */,
				3614DEE2249BDC2800B377EA /* StaticRecipeVC.swift in Sources */,
				365611E0249D0339007867AA /* ForgotPasswordVC.swift in Sources */,
				365611DA249CC6D7007867AA /* Firebase+Utils.swift in Sources */,
				360E4E802476D6EA00A746CC /* DataSet.swift in Sources */,
				360E4E822477D1C700A746CC /* CategoryCell.swift in Sources */,
				366B66272474561000A64780 /* RegisterVC.swift in Sources */,
				360D6B45247825CC00C36752 /* RecipeVC.swift in Sources */,
				360E4E7E2476D51400A746CC /* Recipe.swift in Sources */,
				368A2446247EBFE800D65666 /* NewCategoryVC.swift in Sources */,
				3637846C2476C70F0089CE5F /* CategoryVC.swift in Sources */,
				36D93330249939CC0082C420 /* StaticRecipe.swift in Sources */,
				366F1B9824D02E0700BBFC97 /* UserService.swift in Sources */,
				3626F784249A6ECB00365252 /* RecipeTableViewCell.swift in Sources */,
				3637846E2476C9420089CE5F /* ShadowView.swift in Sources */,
				366B662D247457C300A64780 /* CustomButton.swift in Sources */,
				360D6B472478289D00C36752 /* RecipeCell.swift in Sources */,
				36EA055C24C9E45A00963484 /* SearchBarTableViewController.swift in Sources */,
				360E4E7C2476D49800A746CC /* FoodCategory.swift in Sources */,
				36FA9F3F24759AE9008DA038 /* CustomTextField.swift in Sources */,
				367CFD0024744B740012F85F /* AppDelegate.swift in Sources */,
				366B66292474563A00A64780 /* LogInVC.swift in Sources */,
				365611DC249CD77D007867AA /* Extensions.swift in Sources */,
				36EA056024CAFF1C00963484 /* SearchBarCell.swift in Sources */,
				367CFD0224744B740012F85F /* SceneDelegate.swift in Sources */,
				36CB13ED24F56413008E158B /* FavoriteCell.swift in Sources */,
				36591C8724EA7CC2007D46AA /* EditRecipeVC.swift in Sources */,
				36072BEC2486C7830013FC17 /* AddRecipeVC.swift in Sources */,
				36FCEBAE24F3C7E3002069C3 /* CustomSwitch.swift in Sources */,
				36457244249500D5002711E7 /* CategoryCollectionCell.swift in Sources */,
				360D6B4A24782F3400C36752 /* RecipeDetailVC.swift in Sources */,
			);
			runOnlyForDeploymentPostprocessing = 0;
		};
/* End PBXSourcesBuildPhase section */

/* Begin PBXVariantGroup section */
		367CFD0524744B740012F85F /* Main.storyboard */ = {
			isa = PBXVariantGroup;
			children = (
				367CFD0624744B740012F85F /* Base */,
			);
			name = Main.storyboard;
			sourceTree = "<group>";
		};
		367CFD0A24744B760012F85F /* LaunchScreen.storyboard */ = {
			isa = PBXVariantGroup;
			children = (
				367CFD0B24744B760012F85F /* Base */,
			);
			name = LaunchScreen.storyboard;
			sourceTree = "<group>";
		};
/* End PBXVariantGroup section */

/* Begin XCBuildConfiguration section */
		367CFD0E24744B760012F85F /* Debug */ = {
			isa = XCBuildConfiguration;
			buildSettings = {
				ALWAYS_SEARCH_USER_PATHS = NO;
				CLANG_ANALYZER_NONNULL = YES;
				CLANG_ANALYZER_NUMBER_OBJECT_CONVERSION = YES_AGGRESSIVE;
				CLANG_CXX_LANGUAGE_STANDARD = "gnu++14";
				CLANG_CXX_LIBRARY = "libc++";
				CLANG_ENABLE_MODULES = YES;
				CLANG_ENABLE_OBJC_ARC = YES;
				CLANG_ENABLE_OBJC_WEAK = YES;
				CLANG_WARN_BLOCK_CAPTURE_AUTORELEASING = YES;
				CLANG_WARN_BOOL_CONVERSION = YES;
				CLANG_WARN_COMMA = YES;
				CLANG_WARN_CONSTANT_CONVERSION = YES;
				CLANG_WARN_DEPRECATED_OBJC_IMPLEMENTATIONS = YES;
				CLANG_WARN_DIRECT_OBJC_ISA_USAGE = YES_ERROR;
				CLANG_WARN_DOCUMENTATION_COMMENTS = YES;
				CLANG_WARN_EMPTY_BODY = YES;
				CLANG_WARN_ENUM_CONVERSION = YES;
				CLANG_WARN_INFINITE_RECURSION = YES;
				CLANG_WARN_INT_CONVERSION = YES;
				CLANG_WARN_NON_LITERAL_NULL_CONVERSION = YES;
				CLANG_WARN_OBJC_IMPLICIT_RETAIN_SELF = YES;
				CLANG_WARN_OBJC_LITERAL_CONVERSION = YES;
				CLANG_WARN_OBJC_ROOT_CLASS = YES_ERROR;
				CLANG_WARN_RANGE_LOOP_ANALYSIS = YES;
				CLANG_WARN_STRICT_PROTOTYPES = YES;
				CLANG_WARN_SUSPICIOUS_MOVE = YES;
				CLANG_WARN_UNGUARDED_AVAILABILITY = YES_AGGRESSIVE;
				CLANG_WARN_UNREACHABLE_CODE = YES;
				CLANG_WARN__DUPLICATE_METHOD_MATCH = YES;
				COPY_PHASE_STRIP = NO;
				DEBUG_INFORMATION_FORMAT = dwarf;
				ENABLE_STRICT_OBJC_MSGSEND = YES;
				ENABLE_TESTABILITY = YES;
				GCC_C_LANGUAGE_STANDARD = gnu11;
				GCC_DYNAMIC_NO_PIC = NO;
				GCC_NO_COMMON_BLOCKS = YES;
				GCC_OPTIMIZATION_LEVEL = 0;
				GCC_PREPROCESSOR_DEFINITIONS = (
					"DEBUG=1",
					"$(inherited)",
				);
				GCC_WARN_64_TO_32_BIT_CONVERSION = YES;
				GCC_WARN_ABOUT_RETURN_TYPE = YES_ERROR;
				GCC_WARN_UNDECLARED_SELECTOR = YES;
				GCC_WARN_UNINITIALIZED_AUTOS = YES_AGGRESSIVE;
				GCC_WARN_UNUSED_FUNCTION = YES;
				GCC_WARN_UNUSED_VARIABLE = YES;
				IPHONEOS_DEPLOYMENT_TARGET = 13.4;
				MTL_ENABLE_DEBUG_INFO = INCLUDE_SOURCE;
				MTL_FAST_MATH = YES;
				ONLY_ACTIVE_ARCH = YES;
				SDKROOT = iphoneos;
				SWIFT_ACTIVE_COMPILATION_CONDITIONS = DEBUG;
				SWIFT_OPTIMIZATION_LEVEL = "-Onone";
			};
			name = Debug;
		};
		367CFD0F24744B760012F85F /* Release */ = {
			isa = XCBuildConfiguration;
			buildSettings = {
				ALWAYS_SEARCH_USER_PATHS = NO;
				CLANG_ANALYZER_NONNULL = YES;
				CLANG_ANALYZER_NUMBER_OBJECT_CONVERSION = YES_AGGRESSIVE;
				CLANG_CXX_LANGUAGE_STANDARD = "gnu++14";
				CLANG_CXX_LIBRARY = "libc++";
				CLANG_ENABLE_MODULES = YES;
				CLANG_ENABLE_OBJC_ARC = YES;
				CLANG_ENABLE_OBJC_WEAK = YES;
				CLANG_WARN_BLOCK_CAPTURE_AUTORELEASING = YES;
				CLANG_WARN_BOOL_CONVERSION = YES;
				CLANG_WARN_COMMA = YES;
				CLANG_WARN_CONSTANT_CONVERSION = YES;
				CLANG_WARN_DEPRECATED_OBJC_IMPLEMENTATIONS = YES;
				CLANG_WARN_DIRECT_OBJC_ISA_USAGE = YES_ERROR;
				CLANG_WARN_DOCUMENTATION_COMMENTS = YES;
				CLANG_WARN_EMPTY_BODY = YES;
				CLANG_WARN_ENUM_CONVERSION = YES;
				CLANG_WARN_INFINITE_RECURSION = YES;
				CLANG_WARN_INT_CONVERSION = YES;
				CLANG_WARN_NON_LITERAL_NULL_CONVERSION = YES;
				CLANG_WARN_OBJC_IMPLICIT_RETAIN_SELF = YES;
				CLANG_WARN_OBJC_LITERAL_CONVERSION = YES;
				CLANG_WARN_OBJC_ROOT_CLASS = YES_ERROR;
				CLANG_WARN_RANGE_LOOP_ANALYSIS = YES;
				CLANG_WARN_STRICT_PROTOTYPES = YES;
				CLANG_WARN_SUSPICIOUS_MOVE = YES;
				CLANG_WARN_UNGUARDED_AVAILABILITY = YES_AGGRESSIVE;
				CLANG_WARN_UNREACHABLE_CODE = YES;
				CLANG_WARN__DUPLICATE_METHOD_MATCH = YES;
				COPY_PHASE_STRIP = NO;
				DEBUG_INFORMATION_FORMAT = "dwarf-with-dsym";
				ENABLE_NS_ASSERTIONS = NO;
				ENABLE_STRICT_OBJC_MSGSEND = YES;
				GCC_C_LANGUAGE_STANDARD = gnu11;
				GCC_NO_COMMON_BLOCKS = YES;
				GCC_WARN_64_TO_32_BIT_CONVERSION = YES;
				GCC_WARN_ABOUT_RETURN_TYPE = YES_ERROR;
				GCC_WARN_UNDECLARED_SELECTOR = YES;
				GCC_WARN_UNINITIALIZED_AUTOS = YES_AGGRESSIVE;
				GCC_WARN_UNUSED_FUNCTION = YES;
				GCC_WARN_UNUSED_VARIABLE = YES;
				IPHONEOS_DEPLOYMENT_TARGET = 13.4;
				MTL_ENABLE_DEBUG_INFO = NO;
				MTL_FAST_MATH = YES;
				SDKROOT = iphoneos;
				SWIFT_COMPILATION_MODE = wholemodule;
				SWIFT_OPTIMIZATION_LEVEL = "-O";
				VALIDATE_PRODUCT = YES;
			};
			name = Release;
		};
		367CFD1124744B760012F85F /* Debug */ = {
			isa = XCBuildConfiguration;
			baseConfigurationReference = 9EF95CCA6516FD2FDF50A44B /* Pods-Recipe.debug.xcconfig */;
			buildSettings = {
				ASSETCATALOG_COMPILER_APPICON_NAME = AppIcon;
				CODE_SIGN_STYLE = Automatic;
				DEVELOPMENT_TEAM = 347CFEP3N9;
				INFOPLIST_FILE = Recipe/Info.plist;
				LD_RUNPATH_SEARCH_PATHS = (
					"$(inherited)",
					"@executable_path/Frameworks",
				);
				PRODUCT_BUNDLE_IDENTIFIER = com.cristian.Recipe;
				PRODUCT_NAME = "$(TARGET_NAME)";
				SWIFT_VERSION = 5.0;
				TARGETED_DEVICE_FAMILY = 1;
			};
			name = Debug;
		};
		367CFD1224744B760012F85F /* Release */ = {
			isa = XCBuildConfiguration;
			baseConfigurationReference = 3E50E0C69C678CE30BF29924 /* Pods-Recipe.release.xcconfig */;
			buildSettings = {
				ASSETCATALOG_COMPILER_APPICON_NAME = AppIcon;
				CODE_SIGN_STYLE = Automatic;
				DEVELOPMENT_TEAM = 347CFEP3N9;
				INFOPLIST_FILE = Recipe/Info.plist;
				LD_RUNPATH_SEARCH_PATHS = (
					"$(inherited)",
					"@executable_path/Frameworks",
				);
				PRODUCT_BUNDLE_IDENTIFIER = com.cristian.Recipe;
				PRODUCT_NAME = "$(TARGET_NAME)";
				SWIFT_VERSION = 5.0;
				TARGETED_DEVICE_FAMILY = 1;
			};
			name = Release;
		};
/* End XCBuildConfiguration section */

/* Begin XCConfigurationList section */
		367CFCF724744B740012F85F /* Build configuration list for PBXProject "Recipe" */ = {
			isa = XCConfigurationList;
			buildConfigurations = (
				367CFD0E24744B760012F85F /* Debug */,
				367CFD0F24744B760012F85F /* Release */,
			);
			defaultConfigurationIsVisible = 0;
			defaultConfigurationName = Release;
		};
		367CFD1024744B760012F85F /* Build configuration list for PBXNativeTarget "Recipe" */ = {
			isa = XCConfigurationList;
			buildConfigurations = (
				367CFD1124744B760012F85F /* Debug */,
				367CFD1224744B760012F85F /* Release */,
			);
			defaultConfigurationIsVisible = 0;
			defaultConfigurationName = Release;
		};
/* End XCConfigurationList section */
	};
	rootObject = 367CFCF424744B740012F85F /* Project object */;
}
